// !$*UTF8*$!
{
	archiveVersion = 1;
	classes = {
	};
	objectVersion = 50;
	objects = {

/* Begin PBXBuildFile section */
		0975FDD42541BE4E003B61EC /* MockCounterService.swift in Sources */ = {isa = PBXBuildFile; fileRef = 09D3013E25417D89005E0BC7 /* MockCounterService.swift */; };
		0975FDE82541D733003B61EC /* Pools.swift in Sources */ = {isa = PBXBuildFile; fileRef = 0975FDE72541D733003B61EC /* Pools.swift */; };
		0975FDEF2541D752003B61EC /* Pools.swift in Sources */ = {isa = PBXBuildFile; fileRef = 0975FDE72541D733003B61EC /* Pools.swift */; };
		0975FDF62541D753003B61EC /* Pools.swift in Sources */ = {isa = PBXBuildFile; fileRef = 0975FDE72541D733003B61EC /* Pools.swift */; };
		0975FE052542C0CF003B61EC /* PoolComplication.swift in Sources */ = {isa = PBXBuildFile; fileRef = 0975FE042542C0CF003B61EC /* PoolComplication.swift */; };
		098B0F5A2541722E00FB4C38 /* CounterApp.swift in Sources */ = {isa = PBXBuildFile; fileRef = 098B0F592541722E00FB4C38 /* CounterApp.swift */; };
		098B0F5C2541722E00FB4C38 /* ContentView.swift in Sources */ = {isa = PBXBuildFile; fileRef = 098B0F5B2541722E00FB4C38 /* ContentView.swift */; };
		098B0F5E2541723100FB4C38 /* Assets.xcassets in Resources */ = {isa = PBXBuildFile; fileRef = 098B0F5D2541723100FB4C38 /* Assets.xcassets */; };
		098B0F612541723100FB4C38 /* Preview Assets.xcassets in Resources */ = {isa = PBXBuildFile; fileRef = 098B0F602541723100FB4C38 /* Preview Assets.xcassets */; };
		098B0F6C2541723100FB4C38 /* CounterTests.swift in Sources */ = {isa = PBXBuildFile; fileRef = 098B0F6B2541723100FB4C38 /* CounterTests.swift */; };
		098B0F772541723100FB4C38 /* CounterUITests.swift in Sources */ = {isa = PBXBuildFile; fileRef = 098B0F762541723100FB4C38 /* CounterUITests.swift */; };
		098B0F892541727C00FB4C38 /* CounterResponse.swift in Sources */ = {isa = PBXBuildFile; fileRef = 098B0F882541727C00FB4C38 /* CounterResponse.swift */; };
		098B0F92254172A500FB4C38 /* CounterService.swift in Sources */ = {isa = PBXBuildFile; fileRef = 098B0F91254172A500FB4C38 /* CounterService.swift */; };
		098B0F972541739100FB4C38 /* PreviewBuilder.swift in Sources */ = {isa = PBXBuildFile; fileRef = 098B0F962541739100FB4C38 /* PreviewBuilder.swift */; };
		098B0F9C2541766B00FB4C38 /* AuthHandler.swift in Sources */ = {isa = PBXBuildFile; fileRef = 098B0F9B2541766B00FB4C38 /* AuthHandler.swift */; };
		098B0FA32541789300FB4C38 /* CounterVM.swift in Sources */ = {isa = PBXBuildFile; fileRef = 098B0FA22541789300FB4C38 /* CounterVM.swift */; };
		09D3013F25417D89005E0BC7 /* MockCounterService.swift in Sources */ = {isa = PBXBuildFile; fileRef = 09D3013E25417D89005E0BC7 /* MockCounterService.swift */; };
		09D3014425418062005E0BC7 /* Ring.swift in Sources */ = {isa = PBXBuildFile; fileRef = 09D3014325418062005E0BC7 /* Ring.swift */; };
		09D3014925418080005E0BC7 /* RingShape.swift in Sources */ = {isa = PBXBuildFile; fileRef = 09D3014825418080005E0BC7 /* RingShape.swift */; };
		09D3015A25418927005E0BC7 /* WidgetKit.framework in Frameworks */ = {isa = PBXBuildFile; fileRef = 09D3015925418927005E0BC7 /* WidgetKit.framework */; };
		09D3015C25418927005E0BC7 /* SwiftUI.framework in Frameworks */ = {isa = PBXBuildFile; fileRef = 09D3015B25418927005E0BC7 /* SwiftUI.framework */; };
		09D3015F25418927005E0BC7 /* CounterWidget.swift in Sources */ = {isa = PBXBuildFile; fileRef = 09D3015E25418927005E0BC7 /* CounterWidget.swift */; };
		09D301612541892A005E0BC7 /* Assets.xcassets in Resources */ = {isa = PBXBuildFile; fileRef = 09D301602541892A005E0BC7 /* Assets.xcassets */; };
		09D301652541892A005E0BC7 /* CounterWidgetExtension.appex in Embed App Extensions */ = {isa = PBXBuildFile; fileRef = 09D3015725418927005E0BC7 /* CounterWidgetExtension.appex */; settings = {ATTRIBUTES = (RemoveHeadersOnCopy, ); }; };
		09D3016E25418999005E0BC7 /* ContentView.swift in Sources */ = {isa = PBXBuildFile; fileRef = 098B0F5B2541722E00FB4C38 /* ContentView.swift */; };
		09D301732541899C005E0BC7 /* Ring.swift in Sources */ = {isa = PBXBuildFile; fileRef = 09D3014325418062005E0BC7 /* Ring.swift */; };
		09D301782541899F005E0BC7 /* RingShape.swift in Sources */ = {isa = PBXBuildFile; fileRef = 09D3014825418080005E0BC7 /* RingShape.swift */; };
		09D3017D254189A2005E0BC7 /* CounterResponse.swift in Sources */ = {isa = PBXBuildFile; fileRef = 098B0F882541727C00FB4C38 /* CounterResponse.swift */; };
		09D30182254189A6005E0BC7 /* CounterVM.swift in Sources */ = {isa = PBXBuildFile; fileRef = 098B0FA22541789300FB4C38 /* CounterVM.swift */; };
		09D30187254189A8005E0BC7 /* CounterService.swift in Sources */ = {isa = PBXBuildFile; fileRef = 098B0F91254172A500FB4C38 /* CounterService.swift */; };
		09D3018C254189AA005E0BC7 /* AuthHandler.swift in Sources */ = {isa = PBXBuildFile; fileRef = 098B0F9B2541766B00FB4C38 /* AuthHandler.swift */; };
		09D30191254189B2005E0BC7 /* PreviewBuilder.swift in Sources */ = {isa = PBXBuildFile; fileRef = 098B0F962541739100FB4C38 /* PreviewBuilder.swift */; };
		09D30196254189B4005E0BC7 /* MockCounterService.swift in Sources */ = {isa = PBXBuildFile; fileRef = 09D3013E25417D89005E0BC7 /* MockCounterService.swift */; };
		09D3019C2541AB90005E0BC7 /* CounterWidgetView.swift in Sources */ = {isa = PBXBuildFile; fileRef = 09D3019B2541AB90005E0BC7 /* CounterWidgetView.swift */; };
		09D301A22541B17A005E0BC7 /* SmallCounterWidgetView.swift in Sources */ = {isa = PBXBuildFile; fileRef = 09D301A12541B17A005E0BC7 /* SmallCounterWidgetView.swift */; };
		09D301AC2541B5F7005E0BC7 /* Assets.xcassets in Resources */ = {isa = PBXBuildFile; fileRef = 09D301AB2541B5F7005E0BC7 /* Assets.xcassets */; };
		09D301B32541B5F7005E0BC7 /* watchApp Extension.appex in Embed App Extensions */ = {isa = PBXBuildFile; fileRef = 09D301B22541B5F7005E0BC7 /* watchApp Extension.appex */; settings = {ATTRIBUTES = (RemoveHeadersOnCopy, ); }; };
		09D301B82541B5F7005E0BC7 /* CounterApp.swift in Sources */ = {isa = PBXBuildFile; fileRef = 09D301B72541B5F7005E0BC7 /* CounterApp.swift */; };
		09D301BA2541B5F7005E0BC7 /* ContentView.swift in Sources */ = {isa = PBXBuildFile; fileRef = 09D301B92541B5F7005E0BC7 /* ContentView.swift */; };
		09D301BC2541B5F7005E0BC7 /* NotificationController.swift in Sources */ = {isa = PBXBuildFile; fileRef = 09D301BB2541B5F7005E0BC7 /* NotificationController.swift */; };
		09D301BE2541B5F7005E0BC7 /* NotificationView.swift in Sources */ = {isa = PBXBuildFile; fileRef = 09D301BD2541B5F7005E0BC7 /* NotificationView.swift */; };
		09D301C02541B5F7005E0BC7 /* ComplicationController.swift in Sources */ = {isa = PBXBuildFile; fileRef = 09D301BF2541B5F7005E0BC7 /* ComplicationController.swift */; };
		09D301C22541B5F8005E0BC7 /* Assets.xcassets in Resources */ = {isa = PBXBuildFile; fileRef = 09D301C12541B5F8005E0BC7 /* Assets.xcassets */; };
		09D301C52541B5F8005E0BC7 /* Preview Assets.xcassets in Resources */ = {isa = PBXBuildFile; fileRef = 09D301C42541B5F8005E0BC7 /* Preview Assets.xcassets */; };
		09D301CA2541B5F8005E0BC7 /* watchApp.app in Embed Watch Content */ = {isa = PBXBuildFile; fileRef = 09D301A92541B5F4005E0BC7 /* watchApp.app */; settings = {ATTRIBUTES = (RemoveHeadersOnCopy, ); }; };
		09D301D92541B69A005E0BC7 /* Ring.swift in Sources */ = {isa = PBXBuildFile; fileRef = 09D3014325418062005E0BC7 /* Ring.swift */; };
		09D301E02541B69F005E0BC7 /* RingShape.swift in Sources */ = {isa = PBXBuildFile; fileRef = 09D3014825418080005E0BC7 /* RingShape.swift */; };
		09D301E72541B6C9005E0BC7 /* CounterVM.swift in Sources */ = {isa = PBXBuildFile; fileRef = 098B0FA22541789300FB4C38 /* CounterVM.swift */; };
		09D301EE2541B6D4005E0BC7 /* CounterResponse.swift in Sources */ = {isa = PBXBuildFile; fileRef = 098B0F882541727C00FB4C38 /* CounterResponse.swift */; };
		09D301F52541B6E0005E0BC7 /* CounterService.swift in Sources */ = {isa = PBXBuildFile; fileRef = 098B0F91254172A500FB4C38 /* CounterService.swift */; };
		09D301FC2541B6FB005E0BC7 /* PreviewBuilder.swift in Sources */ = {isa = PBXBuildFile; fileRef = 098B0F962541739100FB4C38 /* PreviewBuilder.swift */; };
		09D302032541B70B005E0BC7 /* AuthHandler.swift in Sources */ = {isa = PBXBuildFile; fileRef = 098B0F9B2541766B00FB4C38 /* AuthHandler.swift */; };
/* End PBXBuildFile section */

/* Begin PBXContainerItemProxy section */
		098B0F682541723100FB4C38 /* PBXContainerItemProxy */ = {
			isa = PBXContainerItemProxy;
			containerPortal = 098B0F4E2541722E00FB4C38 /* Project object */;
			proxyType = 1;
			remoteGlobalIDString = 098B0F552541722E00FB4C38;
			remoteInfo = Counter;
		};
		098B0F732541723100FB4C38 /* PBXContainerItemProxy */ = {
			isa = PBXContainerItemProxy;
			containerPortal = 098B0F4E2541722E00FB4C38 /* Project object */;
			proxyType = 1;
			remoteGlobalIDString = 098B0F552541722E00FB4C38;
			remoteInfo = Counter;
		};
		09D301632541892A005E0BC7 /* PBXContainerItemProxy */ = {
			isa = PBXContainerItemProxy;
			containerPortal = 098B0F4E2541722E00FB4C38 /* Project object */;
			proxyType = 1;
			remoteGlobalIDString = 09D3015625418927005E0BC7;
			remoteInfo = CounterWidgetExtension;
		};
		09D301B42541B5F7005E0BC7 /* PBXContainerItemProxy */ = {
			isa = PBXContainerItemProxy;
			containerPortal = 098B0F4E2541722E00FB4C38 /* Project object */;
			proxyType = 1;
			remoteGlobalIDString = 09D301B12541B5F7005E0BC7;
			remoteInfo = "watchApp Extension";
		};
		09D301C82541B5F8005E0BC7 /* PBXContainerItemProxy */ = {
			isa = PBXContainerItemProxy;
			containerPortal = 098B0F4E2541722E00FB4C38 /* Project object */;
			proxyType = 1;
			remoteGlobalIDString = 09D301A82541B5F4005E0BC7;
			remoteInfo = watchApp;
		};
/* End PBXContainerItemProxy section */

/* Begin PBXCopyFilesBuildPhase section */
		09D301692541892A005E0BC7 /* Embed App Extensions */ = {
			isa = PBXCopyFilesBuildPhase;
			buildActionMask = 2147483647;
			dstPath = "";
			dstSubfolderSpec = 13;
			files = (
				09D301652541892A005E0BC7 /* CounterWidgetExtension.appex in Embed App Extensions */,
			);
			name = "Embed App Extensions";
			runOnlyForDeploymentPostprocessing = 0;
		};
		09D301CE2541B5F8005E0BC7 /* Embed App Extensions */ = {
			isa = PBXCopyFilesBuildPhase;
			buildActionMask = 2147483647;
			dstPath = "";
			dstSubfolderSpec = 13;
			files = (
				09D301B32541B5F7005E0BC7 /* watchApp Extension.appex in Embed App Extensions */,
			);
			name = "Embed App Extensions";
			runOnlyForDeploymentPostprocessing = 0;
		};
		09D301D22541B5F8005E0BC7 /* Embed Watch Content */ = {
			isa = PBXCopyFilesBuildPhase;
			buildActionMask = 2147483647;
			dstPath = "$(CONTENTS_FOLDER_PATH)/Watch";
			dstSubfolderSpec = 16;
			files = (
				09D301CA2541B5F8005E0BC7 /* watchApp.app in Embed Watch Content */,
			);
			name = "Embed Watch Content";
			runOnlyForDeploymentPostprocessing = 0;
		};
/* End PBXCopyFilesBuildPhase section */

/* Begin PBXFileReference section */
		0975FDE72541D733003B61EC /* Pools.swift */ = {isa = PBXFileReference; lastKnownFileType = sourcecode.swift; path = Pools.swift; sourceTree = "<group>"; };
		0975FE042542C0CF003B61EC /* PoolComplication.swift */ = {isa = PBXFileReference; lastKnownFileType = sourcecode.swift; path = PoolComplication.swift; sourceTree = "<group>"; };
		098B0F562541722E00FB4C38 /* Counter.app */ = {isa = PBXFileReference; explicitFileType = wrapper.application; includeInIndex = 0; path = Counter.app; sourceTree = BUILT_PRODUCTS_DIR; };
		098B0F592541722E00FB4C38 /* CounterApp.swift */ = {isa = PBXFileReference; lastKnownFileType = sourcecode.swift; path = CounterApp.swift; sourceTree = "<group>"; };
		098B0F5B2541722E00FB4C38 /* ContentView.swift */ = {isa = PBXFileReference; lastKnownFileType = sourcecode.swift; path = ContentView.swift; sourceTree = "<group>"; };
		098B0F5D2541723100FB4C38 /* Assets.xcassets */ = {isa = PBXFileReference; lastKnownFileType = folder.assetcatalog; path = Assets.xcassets; sourceTree = "<group>"; };
		098B0F602541723100FB4C38 /* Preview Assets.xcassets */ = {isa = PBXFileReference; lastKnownFileType = folder.assetcatalog; path = "Preview Assets.xcassets"; sourceTree = "<group>"; };
		098B0F622541723100FB4C38 /* Info.plist */ = {isa = PBXFileReference; lastKnownFileType = text.plist.xml; path = Info.plist; sourceTree = "<group>"; };
		098B0F672541723100FB4C38 /* CounterTests.xctest */ = {isa = PBXFileReference; explicitFileType = wrapper.cfbundle; includeInIndex = 0; path = CounterTests.xctest; sourceTree = BUILT_PRODUCTS_DIR; };
		098B0F6B2541723100FB4C38 /* CounterTests.swift */ = {isa = PBXFileReference; lastKnownFileType = sourcecode.swift; path = CounterTests.swift; sourceTree = "<group>"; };
		098B0F6D2541723100FB4C38 /* Info.plist */ = {isa = PBXFileReference; lastKnownFileType = text.plist.xml; path = Info.plist; sourceTree = "<group>"; };
		098B0F722541723100FB4C38 /* CounterUITests.xctest */ = {isa = PBXFileReference; explicitFileType = wrapper.cfbundle; includeInIndex = 0; path = CounterUITests.xctest; sourceTree = BUILT_PRODUCTS_DIR; };
		098B0F762541723100FB4C38 /* CounterUITests.swift */ = {isa = PBXFileReference; lastKnownFileType = sourcecode.swift; path = CounterUITests.swift; sourceTree = "<group>"; };
		098B0F782541723100FB4C38 /* Info.plist */ = {isa = PBXFileReference; lastKnownFileType = text.plist.xml; path = Info.plist; sourceTree = "<group>"; };
		098B0F882541727C00FB4C38 /* CounterResponse.swift */ = {isa = PBXFileReference; lastKnownFileType = sourcecode.swift; path = CounterResponse.swift; sourceTree = "<group>"; };
		098B0F91254172A500FB4C38 /* CounterService.swift */ = {isa = PBXFileReference; lastKnownFileType = sourcecode.swift; path = CounterService.swift; sourceTree = "<group>"; };
		098B0F962541739100FB4C38 /* PreviewBuilder.swift */ = {isa = PBXFileReference; lastKnownFileType = sourcecode.swift; path = PreviewBuilder.swift; sourceTree = "<group>"; };
		098B0F9B2541766B00FB4C38 /* AuthHandler.swift */ = {isa = PBXFileReference; lastKnownFileType = sourcecode.swift; path = AuthHandler.swift; sourceTree = "<group>"; };
		098B0FA22541789300FB4C38 /* CounterVM.swift */ = {isa = PBXFileReference; lastKnownFileType = sourcecode.swift; path = CounterVM.swift; sourceTree = "<group>"; };
		09D3013E25417D89005E0BC7 /* MockCounterService.swift */ = {isa = PBXFileReference; lastKnownFileType = sourcecode.swift; path = MockCounterService.swift; sourceTree = "<group>"; };
		09D3014325418062005E0BC7 /* Ring.swift */ = {isa = PBXFileReference; lastKnownFileType = sourcecode.swift; path = Ring.swift; sourceTree = "<group>"; };
		09D3014825418080005E0BC7 /* RingShape.swift */ = {isa = PBXFileReference; lastKnownFileType = sourcecode.swift; path = RingShape.swift; sourceTree = "<group>"; };
		09D3015725418927005E0BC7 /* CounterWidgetExtension.appex */ = {isa = PBXFileReference; explicitFileType = "wrapper.app-extension"; includeInIndex = 0; path = CounterWidgetExtension.appex; sourceTree = BUILT_PRODUCTS_DIR; };
		09D3015925418927005E0BC7 /* WidgetKit.framework */ = {isa = PBXFileReference; lastKnownFileType = wrapper.framework; name = WidgetKit.framework; path = System/Library/Frameworks/WidgetKit.framework; sourceTree = SDKROOT; };
		09D3015B25418927005E0BC7 /* SwiftUI.framework */ = {isa = PBXFileReference; lastKnownFileType = wrapper.framework; name = SwiftUI.framework; path = System/Library/Frameworks/SwiftUI.framework; sourceTree = SDKROOT; };
		09D3015E25418927005E0BC7 /* CounterWidget.swift */ = {isa = PBXFileReference; lastKnownFileType = sourcecode.swift; path = CounterWidget.swift; sourceTree = "<group>"; };
		09D301602541892A005E0BC7 /* Assets.xcassets */ = {isa = PBXFileReference; lastKnownFileType = folder.assetcatalog; path = Assets.xcassets; sourceTree = "<group>"; };
		09D301622541892A005E0BC7 /* Info.plist */ = {isa = PBXFileReference; lastKnownFileType = text.plist.xml; path = Info.plist; sourceTree = "<group>"; };
		09D3019B2541AB90005E0BC7 /* CounterWidgetView.swift */ = {isa = PBXFileReference; lastKnownFileType = sourcecode.swift; path = CounterWidgetView.swift; sourceTree = "<group>"; };
		09D301A12541B17A005E0BC7 /* SmallCounterWidgetView.swift */ = {isa = PBXFileReference; lastKnownFileType = sourcecode.swift; path = SmallCounterWidgetView.swift; sourceTree = "<group>"; };
		09D301A92541B5F4005E0BC7 /* watchApp.app */ = {isa = PBXFileReference; explicitFileType = wrapper.application; includeInIndex = 0; path = watchApp.app; sourceTree = BUILT_PRODUCTS_DIR; };
		09D301AB2541B5F7005E0BC7 /* Assets.xcassets */ = {isa = PBXFileReference; lastKnownFileType = folder.assetcatalog; path = Assets.xcassets; sourceTree = "<group>"; };
		09D301AD2541B5F7005E0BC7 /* Info.plist */ = {isa = PBXFileReference; lastKnownFileType = text.plist.xml; path = Info.plist; sourceTree = "<group>"; };
		09D301B22541B5F7005E0BC7 /* watchApp Extension.appex */ = {isa = PBXFileReference; explicitFileType = "wrapper.app-extension"; includeInIndex = 0; path = "watchApp Extension.appex"; sourceTree = BUILT_PRODUCTS_DIR; };
		09D301B72541B5F7005E0BC7 /* CounterApp.swift */ = {isa = PBXFileReference; lastKnownFileType = sourcecode.swift; path = CounterApp.swift; sourceTree = "<group>"; };
		09D301B92541B5F7005E0BC7 /* ContentView.swift */ = {isa = PBXFileReference; lastKnownFileType = sourcecode.swift; path = ContentView.swift; sourceTree = "<group>"; };
		09D301BB2541B5F7005E0BC7 /* NotificationController.swift */ = {isa = PBXFileReference; lastKnownFileType = sourcecode.swift; path = NotificationController.swift; sourceTree = "<group>"; };
		09D301BD2541B5F7005E0BC7 /* NotificationView.swift */ = {isa = PBXFileReference; lastKnownFileType = sourcecode.swift; path = NotificationView.swift; sourceTree = "<group>"; };
		09D301BF2541B5F7005E0BC7 /* ComplicationController.swift */ = {isa = PBXFileReference; lastKnownFileType = sourcecode.swift; path = ComplicationController.swift; sourceTree = "<group>"; };
		09D301C12541B5F8005E0BC7 /* Assets.xcassets */ = {isa = PBXFileReference; lastKnownFileType = folder.assetcatalog; path = Assets.xcassets; sourceTree = "<group>"; };
		09D301C42541B5F8005E0BC7 /* Preview Assets.xcassets */ = {isa = PBXFileReference; lastKnownFileType = folder.assetcatalog; path = "Preview Assets.xcassets"; sourceTree = "<group>"; };
		09D301C62541B5F8005E0BC7 /* Info.plist */ = {isa = PBXFileReference; lastKnownFileType = text.plist.xml; path = Info.plist; sourceTree = "<group>"; };
		09D301C72541B5F8005E0BC7 /* PushNotificationPayload.apns */ = {isa = PBXFileReference; lastKnownFileType = text; path = PushNotificationPayload.apns; sourceTree = "<group>"; };
/* End PBXFileReference section */

/* Begin PBXFrameworksBuildPhase section */
		098B0F532541722E00FB4C38 /* Frameworks */ = {
			isa = PBXFrameworksBuildPhase;
			buildActionMask = 2147483647;
			files = (
			);
			runOnlyForDeploymentPostprocessing = 0;
		};
		098B0F642541723100FB4C38 /* Frameworks */ = {
			isa = PBXFrameworksBuildPhase;
			buildActionMask = 2147483647;
			files = (
			);
			runOnlyForDeploymentPostprocessing = 0;
		};
		098B0F6F2541723100FB4C38 /* Frameworks */ = {
			isa = PBXFrameworksBuildPhase;
			buildActionMask = 2147483647;
			files = (
			);
			runOnlyForDeploymentPostprocessing = 0;
		};
		09D3015425418927005E0BC7 /* Frameworks */ = {
			isa = PBXFrameworksBuildPhase;
			buildActionMask = 2147483647;
			files = (
				09D3015C25418927005E0BC7 /* SwiftUI.framework in Frameworks */,
				09D3015A25418927005E0BC7 /* WidgetKit.framework in Frameworks */,
			);
			runOnlyForDeploymentPostprocessing = 0;
		};
		09D301AF2541B5F7005E0BC7 /* Frameworks */ = {
			isa = PBXFrameworksBuildPhase;
			buildActionMask = 2147483647;
			files = (
			);
			runOnlyForDeploymentPostprocessing = 0;
		};
/* End PBXFrameworksBuildPhase section */

/* Begin PBXGroup section */
		0975FE032542C0A8003B61EC /* Complications */ = {
			isa = PBXGroup;
			children = (
				0975FE042542C0CF003B61EC /* PoolComplication.swift */,
			);
			path = Complications;
			sourceTree = "<group>";
		};
		098B0F4D2541722E00FB4C38 = {
			isa = PBXGroup;
			children = (
				098B0F582541722E00FB4C38 /* Counter */,
				098B0F6A2541723100FB4C38 /* CounterTests */,
				098B0F752541723100FB4C38 /* CounterUITests */,
				09D3015D25418927005E0BC7 /* CounterWidget */,
				09D301AA2541B5F5005E0BC7 /* watchApp */,
				09D301B62541B5F7005E0BC7 /* watchApp Extension */,
				09D3015825418927005E0BC7 /* Frameworks */,
				098B0F572541722E00FB4C38 /* Products */,
			);
			sourceTree = "<group>";
		};
		098B0F572541722E00FB4C38 /* Products */ = {
			isa = PBXGroup;
			children = (
				098B0F562541722E00FB4C38 /* Counter.app */,
				098B0F672541723100FB4C38 /* CounterTests.xctest */,
				098B0F722541723100FB4C38 /* CounterUITests.xctest */,
				09D3015725418927005E0BC7 /* CounterWidgetExtension.appex */,
				09D301A92541B5F4005E0BC7 /* watchApp.app */,
				09D301B22541B5F7005E0BC7 /* watchApp Extension.appex */,
			);
			name = Products;
			sourceTree = "<group>";
		};
		098B0F582541722E00FB4C38 /* Counter */ = {
			isa = PBXGroup;
			children = (
				098B0F592541722E00FB4C38 /* CounterApp.swift */,
				098B0F872541724700FB4C38 /* Models */,
				098B0FA02541787300FB4C38 /* ViewModels */,
				098B0FA12541787D00FB4C38 /* Views */,
				098B0F902541729100FB4C38 /* Service */,
				098B0F5D2541723100FB4C38 /* Assets.xcassets */,
				098B0F622541723100FB4C38 /* Info.plist */,
				098B0F5F2541723100FB4C38 /* Preview Content */,
			);
			path = Counter;
			sourceTree = "<group>";
		};
		098B0F5F2541723100FB4C38 /* Preview Content */ = {
			isa = PBXGroup;
			children = (
				098B0F602541723100FB4C38 /* Preview Assets.xcassets */,
				098B0F962541739100FB4C38 /* PreviewBuilder.swift */,
				09D3013E25417D89005E0BC7 /* MockCounterService.swift */,
			);
			path = "Preview Content";
			sourceTree = "<group>";
		};
		098B0F6A2541723100FB4C38 /* CounterTests */ = {
			isa = PBXGroup;
			children = (
				098B0F6B2541723100FB4C38 /* CounterTests.swift */,
				098B0F6D2541723100FB4C38 /* Info.plist */,
			);
			path = CounterTests;
			sourceTree = "<group>";
		};
		098B0F752541723100FB4C38 /* CounterUITests */ = {
			isa = PBXGroup;
			children = (
				098B0F762541723100FB4C38 /* CounterUITests.swift */,
				098B0F782541723100FB4C38 /* Info.plist */,
			);
			path = CounterUITests;
			sourceTree = "<group>";
		};
		098B0F872541724700FB4C38 /* Models */ = {
			isa = PBXGroup;
			children = (
				098B0F882541727C00FB4C38 /* CounterResponse.swift */,
				0975FDE72541D733003B61EC /* Pools.swift */,
			);
			path = Models;
			sourceTree = "<group>";
		};
		098B0F902541729100FB4C38 /* Service */ = {
			isa = PBXGroup;
			children = (
				098B0F91254172A500FB4C38 /* CounterService.swift */,
				098B0F9B2541766B00FB4C38 /* AuthHandler.swift */,
			);
			path = Service;
			sourceTree = "<group>";
		};
		098B0FA02541787300FB4C38 /* ViewModels */ = {
			isa = PBXGroup;
			children = (
				098B0FA22541789300FB4C38 /* CounterVM.swift */,
			);
			path = ViewModels;
			sourceTree = "<group>";
		};
		098B0FA12541787D00FB4C38 /* Views */ = {
			isa = PBXGroup;
			children = (
				098B0F5B2541722E00FB4C38 /* ContentView.swift */,
				09D3014325418062005E0BC7 /* Ring.swift */,
				09D3014825418080005E0BC7 /* RingShape.swift */,
			);
			path = Views;
			sourceTree = "<group>";
		};
		09D3015825418927005E0BC7 /* Frameworks */ = {
			isa = PBXGroup;
			children = (
				09D3015925418927005E0BC7 /* WidgetKit.framework */,
				09D3015B25418927005E0BC7 /* SwiftUI.framework */,
			);
			name = Frameworks;
			sourceTree = "<group>";
		};
		09D3015D25418927005E0BC7 /* CounterWidget */ = {
			isa = PBXGroup;
			children = (
				09D3015E25418927005E0BC7 /* CounterWidget.swift */,
				09D301602541892A005E0BC7 /* Assets.xcassets */,
				09D301622541892A005E0BC7 /* Info.plist */,
				09D3019B2541AB90005E0BC7 /* CounterWidgetView.swift */,
				09D301A12541B17A005E0BC7 /* SmallCounterWidgetView.swift */,
			);
			path = CounterWidget;
			sourceTree = "<group>";
		};
		09D301AA2541B5F5005E0BC7 /* watchApp */ = {
			isa = PBXGroup;
			children = (
				09D301AB2541B5F7005E0BC7 /* Assets.xcassets */,
				09D301AD2541B5F7005E0BC7 /* Info.plist */,
			);
			path = watchApp;
			sourceTree = "<group>";
		};
		09D301B62541B5F7005E0BC7 /* watchApp Extension */ = {
			isa = PBXGroup;
			children = (
				0975FE032542C0A8003B61EC /* Complications */,
				09D301B72541B5F7005E0BC7 /* CounterApp.swift */,
				09D301B92541B5F7005E0BC7 /* ContentView.swift */,
				09D301BB2541B5F7005E0BC7 /* NotificationController.swift */,
				09D301BD2541B5F7005E0BC7 /* NotificationView.swift */,
				09D301BF2541B5F7005E0BC7 /* ComplicationController.swift */,
				09D301C12541B5F8005E0BC7 /* Assets.xcassets */,
				09D301C62541B5F8005E0BC7 /* Info.plist */,
				09D301C72541B5F8005E0BC7 /* PushNotificationPayload.apns */,
				09D301C32541B5F8005E0BC7 /* Preview Content */,
			);
			path = "watchApp Extension";
			sourceTree = "<group>";
		};
		09D301C32541B5F8005E0BC7 /* Preview Content */ = {
			isa = PBXGroup;
			children = (
				09D301C42541B5F8005E0BC7 /* Preview Assets.xcassets */,
			);
			path = "Preview Content";
			sourceTree = "<group>";
		};
/* End PBXGroup section */

/* Begin PBXNativeTarget section */
		098B0F552541722E00FB4C38 /* Counter */ = {
			isa = PBXNativeTarget;
			buildConfigurationList = 098B0F7B2541723100FB4C38 /* Build configuration list for PBXNativeTarget "Counter" */;
			buildPhases = (
				098B0F522541722E00FB4C38 /* Sources */,
				098B0F532541722E00FB4C38 /* Frameworks */,
				098B0F542541722E00FB4C38 /* Resources */,
				09D301692541892A005E0BC7 /* Embed App Extensions */,
				09D301D22541B5F8005E0BC7 /* Embed Watch Content */,
			);
			buildRules = (
			);
			dependencies = (
				09D301642541892A005E0BC7 /* PBXTargetDependency */,
				09D301C92541B5F8005E0BC7 /* PBXTargetDependency */,
			);
			name = Counter;
			productName = Counter;
			productReference = 098B0F562541722E00FB4C38 /* Counter.app */;
			productType = "com.apple.product-type.application";
		};
		098B0F662541723100FB4C38 /* CounterTests */ = {
			isa = PBXNativeTarget;
			buildConfigurationList = 098B0F7E2541723100FB4C38 /* Build configuration list for PBXNativeTarget "CounterTests" */;
			buildPhases = (
				098B0F632541723100FB4C38 /* Sources */,
				098B0F642541723100FB4C38 /* Frameworks */,
				098B0F652541723100FB4C38 /* Resources */,
			);
			buildRules = (
			);
			dependencies = (
				098B0F692541723100FB4C38 /* PBXTargetDependency */,
			);
			name = CounterTests;
			productName = CounterTests;
			productReference = 098B0F672541723100FB4C38 /* CounterTests.xctest */;
			productType = "com.apple.product-type.bundle.unit-test";
		};
		098B0F712541723100FB4C38 /* CounterUITests */ = {
			isa = PBXNativeTarget;
			buildConfigurationList = 098B0F812541723100FB4C38 /* Build configuration list for PBXNativeTarget "CounterUITests" */;
			buildPhases = (
				098B0F6E2541723100FB4C38 /* Sources */,
				098B0F6F2541723100FB4C38 /* Frameworks */,
				098B0F702541723100FB4C38 /* Resources */,
			);
			buildRules = (
			);
			dependencies = (
				098B0F742541723100FB4C38 /* PBXTargetDependency */,
			);
			name = CounterUITests;
			productName = CounterUITests;
			productReference = 098B0F722541723100FB4C38 /* CounterUITests.xctest */;
			productType = "com.apple.product-type.bundle.ui-testing";
		};
		09D3015625418927005E0BC7 /* CounterWidgetExtension */ = {
			isa = PBXNativeTarget;
			buildConfigurationList = 09D301662541892A005E0BC7 /* Build configuration list for PBXNativeTarget "CounterWidgetExtension" */;
			buildPhases = (
				09D3015325418927005E0BC7 /* Sources */,
				09D3015425418927005E0BC7 /* Frameworks */,
				09D3015525418927005E0BC7 /* Resources */,
			);
			buildRules = (
			);
			dependencies = (
			);
			name = CounterWidgetExtension;
			productName = CounterWidgetExtension;
			productReference = 09D3015725418927005E0BC7 /* CounterWidgetExtension.appex */;
			productType = "com.apple.product-type.app-extension";
		};
		09D301A82541B5F4005E0BC7 /* watchApp */ = {
			isa = PBXNativeTarget;
			buildConfigurationList = 09D301CF2541B5F8005E0BC7 /* Build configuration list for PBXNativeTarget "watchApp" */;
			buildPhases = (
				09D301A72541B5F4005E0BC7 /* Resources */,
				09D301CE2541B5F8005E0BC7 /* Embed App Extensions */,
			);
			buildRules = (
			);
			dependencies = (
				09D301B52541B5F7005E0BC7 /* PBXTargetDependency */,
			);
			name = watchApp;
			productName = watchApp;
			productReference = 09D301A92541B5F4005E0BC7 /* watchApp.app */;
			productType = "com.apple.product-type.application.watchapp2";
		};
		09D301B12541B5F7005E0BC7 /* watchApp Extension */ = {
			isa = PBXNativeTarget;
			buildConfigurationList = 09D301CB2541B5F8005E0BC7 /* Build configuration list for PBXNativeTarget "watchApp Extension" */;
			buildPhases = (
				09D301AE2541B5F7005E0BC7 /* Sources */,
				09D301AF2541B5F7005E0BC7 /* Frameworks */,
				09D301B02541B5F7005E0BC7 /* Resources */,
			);
			buildRules = (
			);
			dependencies = (
			);
			name = "watchApp Extension";
			productName = "watchApp Extension";
			productReference = 09D301B22541B5F7005E0BC7 /* watchApp Extension.appex */;
			productType = "com.apple.product-type.watchkit2-extension";
		};
/* End PBXNativeTarget section */

/* Begin PBXProject section */
		098B0F4E2541722E00FB4C38 /* Project object */ = {
			isa = PBXProject;
			attributes = {
				LastSwiftUpdateCheck = 1220;
				LastUpgradeCheck = 1220;
				TargetAttributes = {
					098B0F552541722E00FB4C38 = {
						CreatedOnToolsVersion = 12.2;
					};
					098B0F662541723100FB4C38 = {
						CreatedOnToolsVersion = 12.2;
						TestTargetID = 098B0F552541722E00FB4C38;
					};
					098B0F712541723100FB4C38 = {
						CreatedOnToolsVersion = 12.2;
						TestTargetID = 098B0F552541722E00FB4C38;
					};
					09D3015625418927005E0BC7 = {
						CreatedOnToolsVersion = 12.2;
					};
					09D301A82541B5F4005E0BC7 = {
						CreatedOnToolsVersion = 12.2;
					};
					09D301B12541B5F7005E0BC7 = {
						CreatedOnToolsVersion = 12.2;
					};
				};
			};
			buildConfigurationList = 098B0F512541722E00FB4C38 /* Build configuration list for PBXProject "Counter" */;
			compatibilityVersion = "Xcode 9.3";
			developmentRegion = en;
			hasScannedForEncodings = 0;
			knownRegions = (
				en,
				Base,
			);
			mainGroup = 098B0F4D2541722E00FB4C38;
			productRefGroup = 098B0F572541722E00FB4C38 /* Products */;
			projectDirPath = "";
			projectRoot = "";
			targets = (
				098B0F552541722E00FB4C38 /* Counter */,
				098B0F662541723100FB4C38 /* CounterTests */,
				098B0F712541723100FB4C38 /* CounterUITests */,
				09D3015625418927005E0BC7 /* CounterWidgetExtension */,
				09D301A82541B5F4005E0BC7 /* watchApp */,
				09D301B12541B5F7005E0BC7 /* watchApp Extension */,
			);
		};
/* End PBXProject section */

/* Begin PBXResourcesBuildPhase section */
		098B0F542541722E00FB4C38 /* Resources */ = {
			isa = PBXResourcesBuildPhase;
			buildActionMask = 2147483647;
			files = (
				098B0F612541723100FB4C38 /* Preview Assets.xcassets in Resources */,
				098B0F5E2541723100FB4C38 /* Assets.xcassets in Resources */,
			);
			runOnlyForDeploymentPostprocessing = 0;
		};
		098B0F652541723100FB4C38 /* Resources */ = {
			isa = PBXResourcesBuildPhase;
			buildActionMask = 2147483647;
			files = (
			);
			runOnlyForDeploymentPostprocessing = 0;
		};
		098B0F702541723100FB4C38 /* Resources */ = {
			isa = PBXResourcesBuildPhase;
			buildActionMask = 2147483647;
			files = (
			);
			runOnlyForDeploymentPostprocessing = 0;
		};
		09D3015525418927005E0BC7 /* Resources */ = {
			isa = PBXResourcesBuildPhase;
			buildActionMask = 2147483647;
			files = (
				09D301612541892A005E0BC7 /* Assets.xcassets in Resources */,
			);
			runOnlyForDeploymentPostprocessing = 0;
		};
		09D301A72541B5F4005E0BC7 /* Resources */ = {
			isa = PBXResourcesBuildPhase;
			buildActionMask = 2147483647;
			files = (
				09D301AC2541B5F7005E0BC7 /* Assets.xcassets in Resources */,
			);
			runOnlyForDeploymentPostprocessing = 0;
		};
		09D301B02541B5F7005E0BC7 /* Resources */ = {
			isa = PBXResourcesBuildPhase;
			buildActionMask = 2147483647;
			files = (
				09D301C52541B5F8005E0BC7 /* Preview Assets.xcassets in Resources */,
				09D301C22541B5F8005E0BC7 /* Assets.xcassets in Resources */,
			);
			runOnlyForDeploymentPostprocessing = 0;
		};
/* End PBXResourcesBuildPhase section */

/* Begin PBXSourcesBuildPhase section */
		098B0F522541722E00FB4C38 /* Sources */ = {
			isa = PBXSourcesBuildPhase;
			buildActionMask = 2147483647;
			files = (
				098B0F92254172A500FB4C38 /* CounterService.swift in Sources */,
				09D3014925418080005E0BC7 /* RingShape.swift in Sources */,
				098B0FA32541789300FB4C38 /* CounterVM.swift in Sources */,
				098B0F972541739100FB4C38 /* PreviewBuilder.swift in Sources */,
				098B0F9C2541766B00FB4C38 /* AuthHandler.swift in Sources */,
				0975FDE82541D733003B61EC /* Pools.swift in Sources */,
				098B0F5C2541722E00FB4C38 /* ContentView.swift in Sources */,
				098B0F5A2541722E00FB4C38 /* CounterApp.swift in Sources */,
				09D3013F25417D89005E0BC7 /* MockCounterService.swift in Sources */,
				09D3014425418062005E0BC7 /* Ring.swift in Sources */,
				098B0F892541727C00FB4C38 /* CounterResponse.swift in Sources */,
			);
			runOnlyForDeploymentPostprocessing = 0;
		};
		098B0F632541723100FB4C38 /* Sources */ = {
			isa = PBXSourcesBuildPhase;
			buildActionMask = 2147483647;
			files = (
				098B0F6C2541723100FB4C38 /* CounterTests.swift in Sources */,
			);
			runOnlyForDeploymentPostprocessing = 0;
		};
		098B0F6E2541723100FB4C38 /* Sources */ = {
			isa = PBXSourcesBuildPhase;
			buildActionMask = 2147483647;
			files = (
				098B0F772541723100FB4C38 /* CounterUITests.swift in Sources */,
			);
			runOnlyForDeploymentPostprocessing = 0;
		};
		09D3015325418927005E0BC7 /* Sources */ = {
			isa = PBXSourcesBuildPhase;
			buildActionMask = 2147483647;
			files = (
				09D3016E25418999005E0BC7 /* ContentView.swift in Sources */,
				09D301732541899C005E0BC7 /* Ring.swift in Sources */,
				09D30187254189A8005E0BC7 /* CounterService.swift in Sources */,
				09D301A22541B17A005E0BC7 /* SmallCounterWidgetView.swift in Sources */,
				09D3017D254189A2005E0BC7 /* CounterResponse.swift in Sources */,
				09D3019C2541AB90005E0BC7 /* CounterWidgetView.swift in Sources */,
				09D30196254189B4005E0BC7 /* MockCounterService.swift in Sources */,
				09D3018C254189AA005E0BC7 /* AuthHandler.swift in Sources */,
				0975FDF62541D753003B61EC /* Pools.swift in Sources */,
				09D30182254189A6005E0BC7 /* CounterVM.swift in Sources */,
				09D30191254189B2005E0BC7 /* PreviewBuilder.swift in Sources */,
				09D3015F25418927005E0BC7 /* CounterWidget.swift in Sources */,
				09D301782541899F005E0BC7 /* RingShape.swift in Sources */,
			);
			runOnlyForDeploymentPostprocessing = 0;
		};
		09D301AE2541B5F7005E0BC7 /* Sources */ = {
			isa = PBXSourcesBuildPhase;
			buildActionMask = 2147483647;
			files = (
				09D301BC2541B5F7005E0BC7 /* NotificationController.swift in Sources */,
				09D301D92541B69A005E0BC7 /* Ring.swift in Sources */,
				09D301EE2541B6D4005E0BC7 /* CounterResponse.swift in Sources */,
				0975FDD42541BE4E003B61EC /* MockCounterService.swift in Sources */,
				09D301BA2541B5F7005E0BC7 /* ContentView.swift in Sources */,
				09D301E02541B69F005E0BC7 /* RingShape.swift in Sources */,
				09D301C02541B5F7005E0BC7 /* ComplicationController.swift in Sources */,
				09D301FC2541B6FB005E0BC7 /* PreviewBuilder.swift in Sources */,
				09D301F52541B6E0005E0BC7 /* CounterService.swift in Sources */,
				09D302032541B70B005E0BC7 /* AuthHandler.swift in Sources */,
				09D301E72541B6C9005E0BC7 /* CounterVM.swift in Sources */,
				09D301B82541B5F7005E0BC7 /* CounterApp.swift in Sources */,
				09D301BE2541B5F7005E0BC7 /* NotificationView.swift in Sources */,
				0975FDEF2541D752003B61EC /* Pools.swift in Sources */,
				0975FE052542C0CF003B61EC /* PoolComplication.swift in Sources */,
			);
			runOnlyForDeploymentPostprocessing = 0;
		};
/* End PBXSourcesBuildPhase section */

/* Begin PBXTargetDependency section */
		098B0F692541723100FB4C38 /* PBXTargetDependency */ = {
			isa = PBXTargetDependency;
			target = 098B0F552541722E00FB4C38 /* Counter */;
			targetProxy = 098B0F682541723100FB4C38 /* PBXContainerItemProxy */;
		};
		098B0F742541723100FB4C38 /* PBXTargetDependency */ = {
			isa = PBXTargetDependency;
			target = 098B0F552541722E00FB4C38 /* Counter */;
			targetProxy = 098B0F732541723100FB4C38 /* PBXContainerItemProxy */;
		};
		09D301642541892A005E0BC7 /* PBXTargetDependency */ = {
			isa = PBXTargetDependency;
			target = 09D3015625418927005E0BC7 /* CounterWidgetExtension */;
			targetProxy = 09D301632541892A005E0BC7 /* PBXContainerItemProxy */;
		};
		09D301B52541B5F7005E0BC7 /* PBXTargetDependency */ = {
			isa = PBXTargetDependency;
			target = 09D301B12541B5F7005E0BC7 /* watchApp Extension */;
			targetProxy = 09D301B42541B5F7005E0BC7 /* PBXContainerItemProxy */;
		};
		09D301C92541B5F8005E0BC7 /* PBXTargetDependency */ = {
			isa = PBXTargetDependency;
			target = 09D301A82541B5F4005E0BC7 /* watchApp */;
			targetProxy = 09D301C82541B5F8005E0BC7 /* PBXContainerItemProxy */;
		};
/* End PBXTargetDependency section */

/* Begin XCBuildConfiguration section */
		098B0F792541723100FB4C38 /* Debug */ = {
			isa = XCBuildConfiguration;
			buildSettings = {
				ALWAYS_SEARCH_USER_PATHS = NO;
				CLANG_ANALYZER_NONNULL = YES;
				CLANG_ANALYZER_NUMBER_OBJECT_CONVERSION = YES_AGGRESSIVE;
				CLANG_CXX_LANGUAGE_STANDARD = "gnu++14";
				CLANG_CXX_LIBRARY = "libc++";
				CLANG_ENABLE_MODULES = YES;
				CLANG_ENABLE_OBJC_ARC = YES;
				CLANG_ENABLE_OBJC_WEAK = YES;
				CLANG_WARN_BLOCK_CAPTURE_AUTORELEASING = YES;
				CLANG_WARN_BOOL_CONVERSION = YES;
				CLANG_WARN_COMMA = YES;
				CLANG_WARN_CONSTANT_CONVERSION = YES;
				CLANG_WARN_DEPRECATED_OBJC_IMPLEMENTATIONS = YES;
				CLANG_WARN_DIRECT_OBJC_ISA_USAGE = YES_ERROR;
				CLANG_WARN_DOCUMENTATION_COMMENTS = YES;
				CLANG_WARN_EMPTY_BODY = YES;
				CLANG_WARN_ENUM_CONVERSION = YES;
				CLANG_WARN_INFINITE_RECURSION = YES;
				CLANG_WARN_INT_CONVERSION = YES;
				CLANG_WARN_NON_LITERAL_NULL_CONVERSION = YES;
				CLANG_WARN_OBJC_IMPLICIT_RETAIN_SELF = YES;
				CLANG_WARN_OBJC_LITERAL_CONVERSION = YES;
				CLANG_WARN_OBJC_ROOT_CLASS = YES_ERROR;
				CLANG_WARN_QUOTED_INCLUDE_IN_FRAMEWORK_HEADER = YES;
				CLANG_WARN_RANGE_LOOP_ANALYSIS = YES;
				CLANG_WARN_STRICT_PROTOTYPES = YES;
				CLANG_WARN_SUSPICIOUS_MOVE = YES;
				CLANG_WARN_UNGUARDED_AVAILABILITY = YES_AGGRESSIVE;
				CLANG_WARN_UNREACHABLE_CODE = YES;
				CLANG_WARN__DUPLICATE_METHOD_MATCH = YES;
				COPY_PHASE_STRIP = NO;
				DEBUG_INFORMATION_FORMAT = dwarf;
				ENABLE_STRICT_OBJC_MSGSEND = YES;
				ENABLE_TESTABILITY = YES;
				GCC_C_LANGUAGE_STANDARD = gnu11;
				GCC_DYNAMIC_NO_PIC = NO;
				GCC_NO_COMMON_BLOCKS = YES;
				GCC_OPTIMIZATION_LEVEL = 0;
				GCC_PREPROCESSOR_DEFINITIONS = (
					"DEBUG=1",
					"$(inherited)",
				);
				GCC_WARN_64_TO_32_BIT_CONVERSION = YES;
				GCC_WARN_ABOUT_RETURN_TYPE = YES_ERROR;
				GCC_WARN_UNDECLARED_SELECTOR = YES;
				GCC_WARN_UNINITIALIZED_AUTOS = YES_AGGRESSIVE;
				GCC_WARN_UNUSED_FUNCTION = YES;
				GCC_WARN_UNUSED_VARIABLE = YES;
				IPHONEOS_DEPLOYMENT_TARGET = 14.2;
				MTL_ENABLE_DEBUG_INFO = INCLUDE_SOURCE;
				MTL_FAST_MATH = YES;
				ONLY_ACTIVE_ARCH = YES;
				SDKROOT = iphoneos;
				SWIFT_ACTIVE_COMPILATION_CONDITIONS = DEBUG;
				SWIFT_OPTIMIZATION_LEVEL = "-Onone";
			};
			name = Debug;
		};
		098B0F7A2541723100FB4C38 /* Release */ = {
			isa = XCBuildConfiguration;
			buildSettings = {
				ALWAYS_SEARCH_USER_PATHS = NO;
				CLANG_ANALYZER_NONNULL = YES;
				CLANG_ANALYZER_NUMBER_OBJECT_CONVERSION = YES_AGGRESSIVE;
				CLANG_CXX_LANGUAGE_STANDARD = "gnu++14";
				CLANG_CXX_LIBRARY = "libc++";
				CLANG_ENABLE_MODULES = YES;
				CLANG_ENABLE_OBJC_ARC = YES;
				CLANG_ENABLE_OBJC_WEAK = YES;
				CLANG_WARN_BLOCK_CAPTURE_AUTORELEASING = YES;
				CLANG_WARN_BOOL_CONVERSION = YES;
				CLANG_WARN_COMMA = YES;
				CLANG_WARN_CONSTANT_CONVERSION = YES;
				CLANG_WARN_DEPRECATED_OBJC_IMPLEMENTATIONS = YES;
				CLANG_WARN_DIRECT_OBJC_ISA_USAGE = YES_ERROR;
				CLANG_WARN_DOCUMENTATION_COMMENTS = YES;
				CLANG_WARN_EMPTY_BODY = YES;
				CLANG_WARN_ENUM_CONVERSION = YES;
				CLANG_WARN_INFINITE_RECURSION = YES;
				CLANG_WARN_INT_CONVERSION = YES;
				CLANG_WARN_NON_LITERAL_NULL_CONVERSION = YES;
				CLANG_WARN_OBJC_IMPLICIT_RETAIN_SELF = YES;
				CLANG_WARN_OBJC_LITERAL_CONVERSION = YES;
				CLANG_WARN_OBJC_ROOT_CLASS = YES_ERROR;
				CLANG_WARN_QUOTED_INCLUDE_IN_FRAMEWORK_HEADER = YES;
				CLANG_WARN_RANGE_LOOP_ANALYSIS = YES;
				CLANG_WARN_STRICT_PROTOTYPES = YES;
				CLANG_WARN_SUSPICIOUS_MOVE = YES;
				CLANG_WARN_UNGUARDED_AVAILABILITY = YES_AGGRESSIVE;
				CLANG_WARN_UNREACHABLE_CODE = YES;
				CLANG_WARN__DUPLICATE_METHOD_MATCH = YES;
				COPY_PHASE_STRIP = NO;
				DEBUG_INFORMATION_FORMAT = "dwarf-with-dsym";
				ENABLE_NS_ASSERTIONS = NO;
				ENABLE_STRICT_OBJC_MSGSEND = YES;
				GCC_C_LANGUAGE_STANDARD = gnu11;
				GCC_NO_COMMON_BLOCKS = YES;
				GCC_WARN_64_TO_32_BIT_CONVERSION = YES;
				GCC_WARN_ABOUT_RETURN_TYPE = YES_ERROR;
				GCC_WARN_UNDECLARED_SELECTOR = YES;
				GCC_WARN_UNINITIALIZED_AUTOS = YES_AGGRESSIVE;
				GCC_WARN_UNUSED_FUNCTION = YES;
				GCC_WARN_UNUSED_VARIABLE = YES;
				IPHONEOS_DEPLOYMENT_TARGET = 14.2;
				MTL_ENABLE_DEBUG_INFO = NO;
				MTL_FAST_MATH = YES;
				SDKROOT = iphoneos;
				SWIFT_COMPILATION_MODE = wholemodule;
				SWIFT_OPTIMIZATION_LEVEL = "-O";
				VALIDATE_PRODUCT = YES;
			};
			name = Release;
		};
		098B0F7C2541723100FB4C38 /* Debug */ = {
			isa = XCBuildConfiguration;
			buildSettings = {
				ALWAYS_EMBED_SWIFT_STANDARD_LIBRARIES = YES;
				ASSETCATALOG_COMPILER_APPICON_NAME = AppIcon;
				ASSETCATALOG_COMPILER_GLOBAL_ACCENT_COLOR_NAME = AccentColor;
				CODE_SIGN_STYLE = Automatic;
				DEVELOPMENT_ASSET_PATHS = "\"Counter/Preview Content\"";
				DEVELOPMENT_TEAM = 8GM57Z56RX;
				ENABLE_PREVIEWS = YES;
				INFOPLIST_FILE = Counter/Info.plist;
				IPHONEOS_DEPLOYMENT_TARGET = 14.0;
				LD_RUNPATH_SEARCH_PATHS = (
					"$(inherited)",
					"@executable_path/Frameworks",
				);
				PRODUCT_BUNDLE_IDENTIFIER = testProj.Counter;
				PRODUCT_NAME = "$(TARGET_NAME)";
				SWIFT_VERSION = 5.0;
				TARGETED_DEVICE_FAMILY = "1,2";
			};
			name = Debug;
		};
		098B0F7D2541723100FB4C38 /* Release */ = {
			isa = XCBuildConfiguration;
			buildSettings = {
				ALWAYS_EMBED_SWIFT_STANDARD_LIBRARIES = YES;
				ASSETCATALOG_COMPILER_APPICON_NAME = AppIcon;
				ASSETCATALOG_COMPILER_GLOBAL_ACCENT_COLOR_NAME = AccentColor;
				CODE_SIGN_STYLE = Automatic;
				DEVELOPMENT_ASSET_PATHS = "\"Counter/Preview Content\"";
				DEVELOPMENT_TEAM = 8GM57Z56RX;
				ENABLE_PREVIEWS = YES;
				INFOPLIST_FILE = Counter/Info.plist;
				IPHONEOS_DEPLOYMENT_TARGET = 14.0;
				LD_RUNPATH_SEARCH_PATHS = (
					"$(inherited)",
					"@executable_path/Frameworks",
				);
				PRODUCT_BUNDLE_IDENTIFIER = testProj.Counter;
				PRODUCT_NAME = "$(TARGET_NAME)";
				SWIFT_VERSION = 5.0;
				TARGETED_DEVICE_FAMILY = "1,2";
			};
			name = Release;
		};
		098B0F7F2541723100FB4C38 /* Debug */ = {
			isa = XCBuildConfiguration;
			buildSettings = {
				ALWAYS_EMBED_SWIFT_STANDARD_LIBRARIES = YES;
				BUNDLE_LOADER = "$(TEST_HOST)";
				CODE_SIGN_STYLE = Automatic;
				DEVELOPMENT_TEAM = Z97DRS4UT9;
				INFOPLIST_FILE = CounterTests/Info.plist;
				IPHONEOS_DEPLOYMENT_TARGET = 14.0;
				LD_RUNPATH_SEARCH_PATHS = (
					"$(inherited)",
					"@executable_path/Frameworks",
					"@loader_path/Frameworks",
				);
				PRODUCT_BUNDLE_IDENTIFIER = ut.CounterTests;
				PRODUCT_NAME = "$(TARGET_NAME)";
				SWIFT_VERSION = 5.0;
				TARGETED_DEVICE_FAMILY = "1,2";
				TEST_HOST = "$(BUILT_PRODUCTS_DIR)/Counter.app/Counter";
			};
			name = Debug;
		};
		098B0F802541723100FB4C38 /* Release */ = {
			isa = XCBuildConfiguration;
			buildSettings = {
				ALWAYS_EMBED_SWIFT_STANDARD_LIBRARIES = YES;
				BUNDLE_LOADER = "$(TEST_HOST)";
				CODE_SIGN_STYLE = Automatic;
				DEVELOPMENT_TEAM = Z97DRS4UT9;
				INFOPLIST_FILE = CounterTests/Info.plist;
				IPHONEOS_DEPLOYMENT_TARGET = 14.0;
				LD_RUNPATH_SEARCH_PATHS = (
					"$(inherited)",
					"@executable_path/Frameworks",
					"@loader_path/Frameworks",
				);
				PRODUCT_BUNDLE_IDENTIFIER = ut.CounterTests;
				PRODUCT_NAME = "$(TARGET_NAME)";
				SWIFT_VERSION = 5.0;
				TARGETED_DEVICE_FAMILY = "1,2";
				TEST_HOST = "$(BUILT_PRODUCTS_DIR)/Counter.app/Counter";
			};
			name = Release;
		};
		098B0F822541723100FB4C38 /* Debug */ = {
			isa = XCBuildConfiguration;
			buildSettings = {
				ALWAYS_EMBED_SWIFT_STANDARD_LIBRARIES = YES;
				CODE_SIGN_STYLE = Automatic;
				DEVELOPMENT_TEAM = Z97DRS4UT9;
				INFOPLIST_FILE = CounterUITests/Info.plist;
				IPHONEOS_DEPLOYMENT_TARGET = 14.0;
				LD_RUNPATH_SEARCH_PATHS = (
					"$(inherited)",
					"@executable_path/Frameworks",
					"@loader_path/Frameworks",
				);
				PRODUCT_BUNDLE_IDENTIFIER = ut.CounterUITests;
				PRODUCT_NAME = "$(TARGET_NAME)";
				SWIFT_VERSION = 5.0;
				TARGETED_DEVICE_FAMILY = "1,2";
				TEST_TARGET_NAME = Counter;
			};
			name = Debug;
		};
		098B0F832541723100FB4C38 /* Release */ = {
			isa = XCBuildConfiguration;
			buildSettings = {
				ALWAYS_EMBED_SWIFT_STANDARD_LIBRARIES = YES;
				CODE_SIGN_STYLE = Automatic;
				DEVELOPMENT_TEAM = Z97DRS4UT9;
				INFOPLIST_FILE = CounterUITests/Info.plist;
				IPHONEOS_DEPLOYMENT_TARGET = 14.0;
				LD_RUNPATH_SEARCH_PATHS = (
					"$(inherited)",
					"@executable_path/Frameworks",
					"@loader_path/Frameworks",
				);
				PRODUCT_BUNDLE_IDENTIFIER = ut.CounterUITests;
				PRODUCT_NAME = "$(TARGET_NAME)";
				SWIFT_VERSION = 5.0;
				TARGETED_DEVICE_FAMILY = "1,2";
				TEST_TARGET_NAME = Counter;
			};
			name = Release;
		};
		09D301672541892A005E0BC7 /* Debug */ = {
			isa = XCBuildConfiguration;
			buildSettings = {
				ASSETCATALOG_COMPILER_GLOBAL_ACCENT_COLOR_NAME = AccentColor;
				ASSETCATALOG_COMPILER_WIDGET_BACKGROUND_COLOR_NAME = WidgetBackground;
				CODE_SIGN_STYLE = Automatic;
				DEVELOPMENT_TEAM = 8GM57Z56RX;
				INFOPLIST_FILE = CounterWidget/Info.plist;
				IPHONEOS_DEPLOYMENT_TARGET = 14.0;
				LD_RUNPATH_SEARCH_PATHS = (
					"$(inherited)",
					"@executable_path/Frameworks",
					"@executable_path/../../Frameworks",
				);
				PRODUCT_BUNDLE_IDENTIFIER = testProj.Counter.CounterWidget;
				PRODUCT_NAME = "$(TARGET_NAME)";
				SKIP_INSTALL = YES;
				SWIFT_VERSION = 5.0;
				TARGETED_DEVICE_FAMILY = "1,2";
			};
			name = Debug;
		};
		09D301682541892A005E0BC7 /* Release */ = {
			isa = XCBuildConfiguration;
			buildSettings = {
				ASSETCATALOG_COMPILER_GLOBAL_ACCENT_COLOR_NAME = AccentColor;
				ASSETCATALOG_COMPILER_WIDGET_BACKGROUND_COLOR_NAME = WidgetBackground;
				CODE_SIGN_STYLE = Automatic;
				DEVELOPMENT_TEAM = 8GM57Z56RX;
				INFOPLIST_FILE = CounterWidget/Info.plist;
				IPHONEOS_DEPLOYMENT_TARGET = 14.0;
				LD_RUNPATH_SEARCH_PATHS = (
					"$(inherited)",
					"@executable_path/Frameworks",
					"@executable_path/../../Frameworks",
				);
				PRODUCT_BUNDLE_IDENTIFIER = testProj.Counter.CounterWidget;
				PRODUCT_NAME = "$(TARGET_NAME)";
				SKIP_INSTALL = YES;
				SWIFT_VERSION = 5.0;
				TARGETED_DEVICE_FAMILY = "1,2";
			};
			name = Release;
		};
		09D301CC2541B5F8005E0BC7 /* Debug */ = {
			isa = XCBuildConfiguration;
			buildSettings = {
				ASSETCATALOG_COMPILER_COMPLICATION_NAME = Complication;
				CODE_SIGN_STYLE = Automatic;
				DEVELOPMENT_ASSET_PATHS = "\"watchApp Extension/Preview Content\"";
				DEVELOPMENT_TEAM = 8GM57Z56RX;
				ENABLE_PREVIEWS = YES;
				INFOPLIST_FILE = "watchApp Extension/Info.plist";
				LD_RUNPATH_SEARCH_PATHS = (
					"$(inherited)",
					"@executable_path/Frameworks",
					"@executable_path/../../Frameworks",
				);
				PRODUCT_BUNDLE_IDENTIFIER = testProj.Counter.watchkitapp.watchkitextension;
				PRODUCT_NAME = "${TARGET_NAME}";
				SDKROOT = watchos;
				SKIP_INSTALL = YES;
				SWIFT_VERSION = 5.0;
				TARGETED_DEVICE_FAMILY = 4;
				WATCHOS_DEPLOYMENT_TARGET = 7.0;
			};
			name = Debug;
		};
		09D301CD2541B5F8005E0BC7 /* Release */ = {
			isa = XCBuildConfiguration;
			buildSettings = {
				ASSETCATALOG_COMPILER_COMPLICATION_NAME = Complication;
				CODE_SIGN_STYLE = Automatic;
				DEVELOPMENT_ASSET_PATHS = "\"watchApp Extension/Preview Content\"";
				DEVELOPMENT_TEAM = 8GM57Z56RX;
				ENABLE_PREVIEWS = YES;
				INFOPLIST_FILE = "watchApp Extension/Info.plist";
				LD_RUNPATH_SEARCH_PATHS = (
					"$(inherited)",
					"@executable_path/Frameworks",
					"@executable_path/../../Frameworks",
				);
				PRODUCT_BUNDLE_IDENTIFIER = testProj.Counter.watchkitapp.watchkitextension;
				PRODUCT_NAME = "${TARGET_NAME}";
				SDKROOT = watchos;
				SKIP_INSTALL = YES;
				SWIFT_VERSION = 5.0;
				TARGETED_DEVICE_FAMILY = 4;
				WATCHOS_DEPLOYMENT_TARGET = 7.0;
			};
			name = Release;
		};
		09D301D02541B5F8005E0BC7 /* Debug */ = {
			isa = XCBuildConfiguration;
			buildSettings = {
				ALWAYS_EMBED_SWIFT_STANDARD_LIBRARIES = YES;
				ASSETCATALOG_COMPILER_APPICON_NAME = AppIcon;
				ASSETCATALOG_COMPILER_GLOBAL_ACCENT_COLOR_NAME = AccentColor;
				CODE_SIGN_STYLE = Automatic;
				DEVELOPMENT_TEAM = 8GM57Z56RX;
				IBSC_MODULE = watchApp_Extension;
				INFOPLIST_FILE = watchApp/Info.plist;
				PRODUCT_BUNDLE_IDENTIFIER = testProj.Counter.watchkitapp;
				PRODUCT_NAME = "$(TARGET_NAME)";
				SDKROOT = watchos;
				SKIP_INSTALL = YES;
				SWIFT_VERSION = 5.0;
				TARGETED_DEVICE_FAMILY = 4;
				WATCHOS_DEPLOYMENT_TARGET = 7.0;
			};
			name = Debug;
		};
		09D301D12541B5F8005E0BC7 /* Release */ = {
			isa = XCBuildConfiguration;
			buildSettings = {
				ALWAYS_EMBED_SWIFT_STANDARD_LIBRARIES = YES;
				ASSETCATALOG_COMPILER_APPICON_NAME = AppIcon;
				ASSETCATALOG_COMPILER_GLOBAL_ACCENT_COLOR_NAME = AccentColor;
				CODE_SIGN_STYLE = Automatic;
				DEVELOPMENT_TEAM = 8GM57Z56RX;
				IBSC_MODULE = watchApp_Extension;
				INFOPLIST_FILE = watchApp/Info.plist;
				PRODUCT_BUNDLE_IDENTIFIER = testProj.Counter.watchkitapp;
				PRODUCT_NAME = "$(TARGET_NAME)";
				SDKROOT = watchos;
				SKIP_INSTALL = YES;
				SWIFT_VERSION = 5.0;
				TARGETED_DEVICE_FAMILY = 4;
				WATCHOS_DEPLOYMENT_TARGET = 7.0;
			};
			name = Release;
		};
/* End XCBuildConfiguration section */

/* Begin XCConfigurationList section */
		098B0F512541722E00FB4C38 /* Build configuration list for PBXProject "Counter" */ = {
			isa = XCConfigurationList;
			buildConfigurations = (
				098B0F792541723100FB4C38 /* Debug */,
				098B0F7A2541723100FB4C38 /* Release */,
			);
			defaultConfigurationIsVisible = 0;
			defaultConfigurationName = Release;
		};
		098B0F7B2541723100FB4C38 /* Build configuration list for PBXNativeTarget "Counter" */ = {
			isa = XCConfigurationList;
			buildConfigurations = (
				098B0F7C2541723100FB4C38 /* Debug */,
				098B0F7D2541723100FB4C38 /* Release */,
			);
			defaultConfigurationIsVisible = 0;
			defaultConfigurationName = Release;
		};
		098B0F7E2541723100FB4C38 /* Build configuration list for PBXNativeTarget "CounterTests" */ = {
			isa = XCConfigurationList;
			buildConfigurations = (
				098B0F7F2541723100FB4C38 /* Debug */,
				098B0F802541723100FB4C38 /* Release */,
			);
			defaultConfigurationIsVisible = 0;
			defaultConfigurationName = Release;
		};
		098B0F812541723100FB4C38 /* Build configuration list for PBXNativeTarget "CounterUITests" */ = {
			isa = XCConfigurationList;
			buildConfigurations = (
				098B0F822541723100FB4C38 /* Debug */,
				098B0F832541723100FB4C38 /* Release */,
			);
			defaultConfigurationIsVisible = 0;
			defaultConfigurationName = Release;
		};
		09D301662541892A005E0BC7 /* Build configuration list for PBXNativeTarget "CounterWidgetExtension" */ = {
			isa = XCConfigurationList;
			buildConfigurations = (
				09D301672541892A005E0BC7 /* Debug */,
				09D301682541892A005E0BC7 /* Release */,
			);
			defaultConfigurationIsVisible = 0;
			defaultConfigurationName = Release;
		};
		09D301CB2541B5F8005E0BC7 /* Build configuration list for PBXNativeTarget "watchApp Extension" */ = {
			isa = XCConfigurationList;
			buildConfigurations = (
				09D301CC2541B5F8005E0BC7 /* Debug */,
				09D301CD2541B5F8005E0BC7 /* Release */,
			);
			defaultConfigurationIsVisible = 0;
			defaultConfigurationName = Release;
		};
		09D301CF2541B5F8005E0BC7 /* Build configuration list for PBXNativeTarget "watchApp" */ = {
			isa = XCConfigurationList;
			buildConfigurations = (
				09D301D02541B5F8005E0BC7 /* Debug */,
				09D301D12541B5F8005E0BC7 /* Release */,
			);
			defaultConfigurationIsVisible = 0;
			defaultConfigurationName = Release;
		};
/* End XCConfigurationList section */
	};
	rootObject = 098B0F4E2541722E00FB4C38 /* Project object */;
}
